
Microsoft Visual Studio Solution File, Format Version 12.00
# Visual Studio Version 17
VisualStudioVersion = 17.7.34221.43
MinimumVisualStudioVersion = 10.0.40219.1
Project("{FAE04EC0-301F-11D3-BF4B-00C04F79EFBC}") = "MinionAge", "MinionAge\MinionAge.csproj", "{553AC887-BFB1-4238-9241-FCA83C0652C4}"
EndProject
Project("{FAE04EC0-301F-11D3-BF4B-00C04F79EFBC}") = "OxygenConsumingPlant", "OxygenConsumingPlant\OxygenConsumingPlant.csproj", "{CA6E9FFC-4843-43E7-981F-A5F08A05FF7D}"
EndProject
Project("{FAE04EC0-301F-11D3-BF4B-00C04F79EFBC}") = "MiniBox", "MiniBox\MiniBox.csproj", "{0EB3C887-EFA7-4DEB-9689-10A475BCA219}"
EndProject
Project("{FAE04EC0-301F-11D3-BF4B-00C04F79EFBC}") = "MinionAge_MoreFood", "MoreFood\MinionAge_MoreFood.csproj", "{740EC813-82B1-49E4-8E30-EE6E37607E97}"
EndProject
Project("{FAE04EC0-301F-11D3-BF4B-00C04F79EFBC}") = "MinionAge_DLC", "MinionAge_DLC\MinionAge_DLC.csproj", "{BF65F267-1849-4CE1-878B-6EBE29F444D5}"
EndProject
Project("{2150E333-8FDC-42A3-9474-1A3956D46DE8}") = "Solution Items", "Solution Items", "{02EA681E-C7D8-13C7-8484-4AC65E1B71E8}"
	ProjectSection(SolutionItems) = preProject
		.editorconfig = .editorconfig
	EndProjectSection
EndProject
Project("{FAE04EC0-301F-11D3-BF4B-00C04F79EFBC}") = "VignetteBegone", "VignetteBegone\VignetteBegone.csproj", "{0E4C84DC-AD73-4100-9B19-975DADE30DC0}"
EndProject
Project("{FAE04EC0-301F-11D3-BF4B-00C04F79EFBC}") = "AutomaticHarvest", "AutomaticHarvest\AutomaticHarvest.csproj", "{6C176A54-BC16-4D91-9689-1D7C146B1772}"
EndProject
Project("{2150E333-8FDC-42A3-9474-1A3956D46DE8}") = "Test", "Test", "{98F93518-7198-4932-BA16-AC88B4CFBA03}"
EndProject
Project("{FAE04EC0-301F-11D3-BF4B-00C04F79EFBC}") = "TestPlanter", "TestPlanter\TestPlanter.csproj", "{078C4FC3-DB20-4AF3-B7FB-CAFB8CBDE8C0}"
EndProject
Project("{FAE04EC0-301F-11D3-BF4B-00C04F79EFBC}") = "ElementExpansion", "ElementExpansion\ElementExpansion.csproj", "{21509A00-E2EB-4DB5-B005-E30C977E12BC}"
EndProject
Project("{FAE04EC0-301F-11D3-BF4B-00C04F79EFBC}") = "TAccessories", "TAccessories\TAccessories.csproj", "{8E54A034-FCF8-4B55-A54F-836648A6B2EC}"
EndProject
Project("{FAE04EC0-301F-11D3-BF4B-00C04F79EFBC}") = "EternalDecay", "EternalDecay\EternalDecay.csproj", "{AFBBCE55-D936-450A-B7D9-0DE3A76D8FC3}"
EndProject
Project("{FAE04EC0-301F-11D3-BF4B-00C04F79EFBC}") = "WireAnywhere", "WireAnywhere\WireAnywhere.csproj", "{8630AB43-DD7C-489C-95FE-EFE81B6CDC95}"
EndProject
Project("{FAE04EC0-301F-11D3-BF4B-00C04F79EFBC}") = "DarkMoonGalaxy", "DarkMoonGalaxyTree\DarkMoonGalaxy.csproj", "{FB736DEF-8CB7-4AA5-83C7-A528B2B17AC9}"
EndProject
Project("{FAE04EC0-301F-11D3-BF4B-00C04F79EFBC}") = "RunningOutOfTime", "RunningOutOfTime\RunningOutOfTime.csproj", "{74716706-7850-4BD3-A7F6-137548688929}"
EndProject
Project("{FAE04EC0-301F-11D3-BF4B-00C04F79EFBC}") = "StorageNetwork", "StorageNetwork\StorageNetwork.csproj", "{D9286FCD-AB6D-46B0-917F-8E7D750EC385}"
EndProject
Project("{FAE04EC0-301F-11D3-BF4B-00C04F79EFBC}") = "FunnyComponents", "FunnyComponents\FunnyComponents.csproj", "{0A239699-164D-4B1F-B7F2-D78E6339CB47}"
EndProject
Project("{FAE04EC0-301F-11D3-BF4B-00C04F79EFBC}") = "DebugUI", "DebugUI\DebugUI.csproj", "{FA5CD80E-5996-4F24-8895-5EA418E36758}"
EndProject
Project("{FAE04EC0-301F-11D3-BF4B-00C04F79EFBC}") = "NewMap", "NewMap\NewMap.csproj", "{37F064A4-5F6A-4E50-9226-C679AFC5464F}"
EndProject
Project("{FAE04EC0-301F-11D3-BF4B-00C04F79EFBC}") = "TestMod", "TestMod\TestMod.csproj", "{72374030-51DF-491C-B99D-A1EE34AE1CF6}"
EndProject
Project("{FAE04EC0-301F-11D3-BF4B-00C04F79EFBC}") = "NewElementRegistration", "NewElementRegistration\NewElementRegistration.csproj", "{C1A3BFBE-20B0-40A7-9270-0F8F0AE3B1E4}"
EndProject
Project("{FAE04EC0-301F-11D3-BF4B-00C04F79EFBC}") = "ONIResourceBridge", "ONIResourceBridge\ONIResourceBridge.csproj", "{573E5AA3-D4B9-47EC-84F6-E1E62C940E20}"
EndProject
Project("{2150E333-8FDC-42A3-9474-1A3956D46DE8}") = "ToolMod", "ToolMod", "{D806F13A-C55C-4856-9F69-EC5057150592}"
EndProject
Project("{FAE04EC0-301F-11D3-BF4B-00C04F79EFBC}") = "WASDMinionControl", "WASDMinionControl\WASDMinionControl.csproj", "{42675979-D7DE-411A-ADCD-7C731277FCE8}"
EndProject
Project("{FAE04EC0-301F-11D3-BF4B-00C04F79EFBC}") = "SN_DuplicantGenetics", "SN_DuplicantGenetics\SN_DuplicantGenetics.csproj", "{9E2A7C72-573B-43C2-9C28-F45DF3C9C0D1}"
EndProject
Global
	GlobalSection(SolutionConfigurationPlatforms) = preSolution
		Debug|Any CPU = Debug|Any CPU
		Debug|x64 = Debug|x64
		Debug|x86 = Debug|x86
		Release|Any CPU = Release|Any CPU
		Release|x64 = Release|x64
		Release|x86 = Release|x86
	EndGlobalSection
	GlobalSection(ProjectConfigurationPlatforms) = postSolution
		{553AC887-BFB1-4238-9241-FCA83C0652C4}.Debug|Any CPU.ActiveCfg = Debug|Any CPU
		{553AC887-BFB1-4238-9241-FCA83C0652C4}.Debug|Any CPU.Build.0 = Debug|Any CPU
		{553AC887-BFB1-4238-9241-FCA83C0652C4}.Debug|x64.ActiveCfg = Debug|Any CPU
		{553AC887-BFB1-4238-9241-FCA83C0652C4}.Debug|x64.Build.0 = Debug|Any CPU
		{553AC887-BFB1-4238-9241-FCA83C0652C4}.Debug|x86.ActiveCfg = Debug|Any CPU
		{553AC887-BFB1-4238-9241-FCA83C0652C4}.Debug|x86.Build.0 = Debug|Any CPU
		{553AC887-BFB1-4238-9241-FCA83C0652C4}.Release|Any CPU.ActiveCfg = Release|Any CPU
		{553AC887-BFB1-4238-9241-FCA83C0652C4}.Release|Any CPU.Build.0 = Release|Any CPU
		{553AC887-BFB1-4238-9241-FCA83C0652C4}.Release|x64.ActiveCfg = Release|Any CPU
		{553AC887-BFB1-4238-9241-FCA83C0652C4}.Release|x64.Build.0 = Release|Any CPU
		{553AC887-BFB1-4238-9241-FCA83C0652C4}.Release|x86.ActiveCfg = Release|Any CPU
		{553AC887-BFB1-4238-9241-FCA83C0652C4}.Release|x86.Build.0 = Release|Any CPU
		{CA6E9FFC-4843-43E7-981F-A5F08A05FF7D}.Debug|Any CPU.ActiveCfg = Debug|Any CPU
		{CA6E9FFC-4843-43E7-981F-A5F08A05FF7D}.Debug|Any CPU.Build.0 = Debug|Any CPU
		{CA6E9FFC-4843-43E7-981F-A5F08A05FF7D}.Debug|x64.ActiveCfg = Debug|Any CPU
		{CA6E9FFC-4843-43E7-981F-A5F08A05FF7D}.Debug|x64.Build.0 = Debug|Any CPU
		{CA6E9FFC-4843-43E7-981F-A5F08A05FF7D}.Debug|x86.ActiveCfg = Debug|Any CPU
		{CA6E9FFC-4843-43E7-981F-A5F08A05FF7D}.Debug|x86.Build.0 = Debug|Any CPU
		{CA6E9FFC-4843-43E7-981F-A5F08A05FF7D}.Release|Any CPU.ActiveCfg = Release|Any CPU
		{CA6E9FFC-4843-43E7-981F-A5F08A05FF7D}.Release|Any CPU.Build.0 = Release|Any CPU
		{CA6E9FFC-4843-43E7-981F-A5F08A05FF7D}.Release|x64.ActiveCfg = Release|Any CPU
		{CA6E9FFC-4843-43E7-981F-A5F08A05FF7D}.Release|x64.Build.0 = Release|Any CPU
		{CA6E9FFC-4843-43E7-981F-A5F08A05FF7D}.Release|x86.ActiveCfg = Release|Any CPU
		{CA6E9FFC-4843-43E7-981F-A5F08A05FF7D}.Release|x86.Build.0 = Release|Any CPU
		{0EB3C887-EFA7-4DEB-9689-10A475BCA219}.Debug|Any CPU.ActiveCfg = Debug|Any CPU
		{0EB3C887-EFA7-4DEB-9689-10A475BCA219}.Debug|Any CPU.Build.0 = Debug|Any CPU
		{0EB3C887-EFA7-4DEB-9689-10A475BCA219}.Debug|x64.ActiveCfg = Debug|Any CPU
		{0EB3C887-EFA7-4DEB-9689-10A475BCA219}.Debug|x64.Build.0 = Debug|Any CPU
		{0EB3C887-EFA7-4DEB-9689-10A475BCA219}.Debug|x86.ActiveCfg = Debug|Any CPU
		{0EB3C887-EFA7-4DEB-9689-10A475BCA219}.Debug|x86.Build.0 = Debug|Any CPU
		{0EB3C887-EFA7-4DEB-9689-10A475BCA219}.Release|Any CPU.ActiveCfg = Release|Any CPU
		{0EB3C887-EFA7-4DEB-9689-10A475BCA219}.Release|Any CPU.Build.0 = Release|Any CPU
		{0EB3C887-EFA7-4DEB-9689-10A475BCA219}.Release|x64.ActiveCfg = Release|Any CPU
		{0EB3C887-EFA7-4DEB-9689-10A475BCA219}.Release|x64.Build.0 = Release|Any CPU
		{0EB3C887-EFA7-4DEB-9689-10A475BCA219}.Release|x86.ActiveCfg = Release|Any CPU
		{0EB3C887-EFA7-4DEB-9689-10A475BCA219}.Release|x86.Build.0 = Release|Any CPU
		{740EC813-82B1-49E4-8E30-EE6E37607E97}.Debug|Any CPU.ActiveCfg = Debug|Any CPU
		{740EC813-82B1-49E4-8E30-EE6E37607E97}.Debug|Any CPU.Build.0 = Debug|Any CPU
		{740EC813-82B1-49E4-8E30-EE6E37607E97}.Debug|x64.ActiveCfg = Debug|Any CPU
		{740EC813-82B1-49E4-8E30-EE6E37607E97}.Debug|x64.Build.0 = Debug|Any CPU
		{740EC813-82B1-49E4-8E30-EE6E37607E97}.Debug|x86.ActiveCfg = Debug|Any CPU
		{740EC813-82B1-49E4-8E30-EE6E37607E97}.Debug|x86.Build.0 = Debug|Any CPU
		{740EC813-82B1-49E4-8E30-EE6E37607E97}.Release|Any CPU.ActiveCfg = Release|Any CPU
		{740EC813-82B1-49E4-8E30-EE6E37607E97}.Release|Any CPU.Build.0 = Release|Any CPU
		{740EC813-82B1-49E4-8E30-EE6E37607E97}.Release|x64.ActiveCfg = Release|Any CPU
		{740EC813-82B1-49E4-8E30-EE6E37607E97}.Release|x64.Build.0 = Release|Any CPU
		{740EC813-82B1-49E4-8E30-EE6E37607E97}.Release|x86.ActiveCfg = Release|Any CPU
		{740EC813-82B1-49E4-8E30-EE6E37607E97}.Release|x86.Build.0 = Release|Any CPU
		{BF65F267-1849-4CE1-878B-6EBE29F444D5}.Debug|Any CPU.ActiveCfg = Debug|Any CPU
		{BF65F267-1849-4CE1-878B-6EBE29F444D5}.Debug|Any CPU.Build.0 = Debug|Any CPU
		{BF65F267-1849-4CE1-878B-6EBE29F444D5}.Debug|x64.ActiveCfg = Debug|Any CPU
		{BF65F267-1849-4CE1-878B-6EBE29F444D5}.Debug|x64.Build.0 = Debug|Any CPU
		{BF65F267-1849-4CE1-878B-6EBE29F444D5}.Debug|x86.ActiveCfg = Debug|Any CPU
		{BF65F267-1849-4CE1-878B-6EBE29F444D5}.Debug|x86.Build.0 = Debug|Any CPU
		{BF65F267-1849-4CE1-878B-6EBE29F444D5}.Release|Any CPU.ActiveCfg = Release|Any CPU
		{BF65F267-1849-4CE1-878B-6EBE29F444D5}.Release|Any CPU.Build.0 = Release|Any CPU
		{BF65F267-1849-4CE1-878B-6EBE29F444D5}.Release|x64.ActiveCfg = Release|Any CPU
		{BF65F267-1849-4CE1-878B-6EBE29F444D5}.Release|x64.Build.0 = Release|Any CPU
		{BF65F267-1849-4CE1-878B-6EBE29F444D5}.Release|x86.ActiveCfg = Release|Any CPU
		{BF65F267-1849-4CE1-878B-6EBE29F444D5}.Release|x86.Build.0 = Release|Any CPU
		{0E4C84DC-AD73-4100-9B19-975DADE30DC0}.Debug|Any CPU.ActiveCfg = Debug|Any CPU
		{0E4C84DC-AD73-4100-9B19-975DADE30DC0}.Debug|Any CPU.Build.0 = Debug|Any CPU
		{0E4C84DC-AD73-4100-9B19-975DADE30DC0}.Debug|x64.ActiveCfg = Debug|Any CPU
		{0E4C84DC-AD73-4100-9B19-975DADE30DC0}.Debug|x64.Build.0 = Debug|Any CPU
		{0E4C84DC-AD73-4100-9B19-975DADE30DC0}.Debug|x86.ActiveCfg = Debug|Any CPU
		{0E4C84DC-AD73-4100-9B19-975DADE30DC0}.Debug|x86.Build.0 = Debug|Any CPU
		{0E4C84DC-AD73-4100-9B19-975DADE30DC0}.Release|Any CPU.ActiveCfg = Release|Any CPU
		{0E4C84DC-AD73-4100-9B19-975DADE30DC0}.Release|Any CPU.Build.0 = Release|Any CPU
		{0E4C84DC-AD73-4100-9B19-975DADE30DC0}.Release|x64.ActiveCfg = Release|Any CPU
		{0E4C84DC-AD73-4100-9B19-975DADE30DC0}.Release|x64.Build.0 = Release|Any CPU
		{0E4C84DC-AD73-4100-9B19-975DADE30DC0}.Release|x86.ActiveCfg = Release|Any CPU
		{0E4C84DC-AD73-4100-9B19-975DADE30DC0}.Release|x86.Build.0 = Release|Any CPU
		{6C176A54-BC16-4D91-9689-1D7C146B1772}.Debug|Any CPU.ActiveCfg = Debug|Any CPU
		{6C176A54-BC16-4D91-9689-1D7C146B1772}.Debug|Any CPU.Build.0 = Debug|Any CPU
		{6C176A54-BC16-4D91-9689-1D7C146B1772}.Debug|x64.ActiveCfg = Debug|Any CPU
		{6C176A54-BC16-4D91-9689-1D7C146B1772}.Debug|x64.Build.0 = Debug|Any CPU
		{6C176A54-BC16-4D91-9689-1D7C146B1772}.Debug|x86.ActiveCfg = Debug|Any CPU
		{6C176A54-BC16-4D91-9689-1D7C146B1772}.Debug|x86.Build.0 = Debug|Any CPU
		{6C176A54-BC16-4D91-9689-1D7C146B1772}.Release|Any CPU.ActiveCfg = Release|Any CPU
		{6C176A54-BC16-4D91-9689-1D7C146B1772}.Release|Any CPU.Build.0 = Release|Any CPU
		{6C176A54-BC16-4D91-9689-1D7C146B1772}.Release|x64.ActiveCfg = Release|Any CPU
		{6C176A54-BC16-4D91-9689-1D7C146B1772}.Release|x64.Build.0 = Release|Any CPU
		{6C176A54-BC16-4D91-9689-1D7C146B1772}.Release|x86.ActiveCfg = Release|Any CPU
		{6C176A54-BC16-4D91-9689-1D7C146B1772}.Release|x86.Build.0 = Release|Any CPU
		{078C4FC3-DB20-4AF3-B7FB-CAFB8CBDE8C0}.Debug|Any CPU.ActiveCfg = Debug|Any CPU
		{078C4FC3-DB20-4AF3-B7FB-CAFB8CBDE8C0}.Debug|Any CPU.Build.0 = Debug|Any CPU
		{078C4FC3-DB20-4AF3-B7FB-CAFB8CBDE8C0}.Debug|x64.ActiveCfg = Debug|Any CPU
		{078C4FC3-DB20-4AF3-B7FB-CAFB8CBDE8C0}.Debug|x64.Build.0 = Debug|Any CPU
		{078C4FC3-DB20-4AF3-B7FB-CAFB8CBDE8C0}.Debug|x86.ActiveCfg = Debug|Any CPU
		{078C4FC3-DB20-4AF3-B7FB-CAFB8CBDE8C0}.Debug|x86.Build.0 = Debug|Any CPU
		{078C4FC3-DB20-4AF3-B7FB-CAFB8CBDE8C0}.Release|Any CPU.ActiveCfg = Release|Any CPU
		{078C4FC3-DB20-4AF3-B7FB-CAFB8CBDE8C0}.Release|Any CPU.Build.0 = Release|Any CPU
		{078C4FC3-DB20-4AF3-B7FB-CAFB8CBDE8C0}.Release|x64.ActiveCfg = Release|Any CPU
		{078C4FC3-DB20-4AF3-B7FB-CAFB8CBDE8C0}.Release|x64.Build.0 = Release|Any CPU
		{078C4FC3-DB20-4AF3-B7FB-CAFB8CBDE8C0}.Release|x86.ActiveCfg = Release|Any CPU
		{078C4FC3-DB20-4AF3-B7FB-CAFB8CBDE8C0}.Release|x86.Build.0 = Release|Any CPU
		{21509A00-E2EB-4DB5-B005-E30C977E12BC}.Debug|Any CPU.ActiveCfg = Debug|Any CPU
		{21509A00-E2EB-4DB5-B005-E30C977E12BC}.Debug|Any CPU.Build.0 = Debug|Any CPU
		{21509A00-E2EB-4DB5-B005-E30C977E12BC}.Debug|x64.ActiveCfg = Debug|Any CPU
		{21509A00-E2EB-4DB5-B005-E30C977E12BC}.Debug|x64.Build.0 = Debug|Any CPU
		{21509A00-E2EB-4DB5-B005-E30C977E12BC}.Debug|x86.ActiveCfg = Debug|Any CPU
		{21509A00-E2EB-4DB5-B005-E30C977E12BC}.Debug|x86.Build.0 = Debug|Any CPU
		{21509A00-E2EB-4DB5-B005-E30C977E12BC}.Release|Any CPU.ActiveCfg = Release|Any CPU
		{21509A00-E2EB-4DB5-B005-E30C977E12BC}.Release|Any CPU.Build.0 = Release|Any CPU
		{21509A00-E2EB-4DB5-B005-E30C977E12BC}.Release|x64.ActiveCfg = Release|Any CPU
		{21509A00-E2EB-4DB5-B005-E30C977E12BC}.Release|x64.Build.0 = Release|Any CPU
		{21509A00-E2EB-4DB5-B005-E30C977E12BC}.Release|x86.ActiveCfg = Release|Any CPU
		{21509A00-E2EB-4DB5-B005-E30C977E12BC}.Release|x86.Build.0 = Release|Any CPU
		{8E54A034-FCF8-4B55-A54F-836648A6B2EC}.Debug|Any CPU.ActiveCfg = Debug|Any CPU
		{8E54A034-FCF8-4B55-A54F-836648A6B2EC}.Debug|Any CPU.Build.0 = Debug|Any CPU
		{8E54A034-FCF8-4B55-A54F-836648A6B2EC}.Debug|x64.ActiveCfg = Debug|Any CPU
		{8E54A034-FCF8-4B55-A54F-836648A6B2EC}.Debug|x64.Build.0 = Debug|Any CPU
		{8E54A034-FCF8-4B55-A54F-836648A6B2EC}.Debug|x86.ActiveCfg = Debug|Any CPU
		{8E54A034-FCF8-4B55-A54F-836648A6B2EC}.Debug|x86.Build.0 = Debug|Any CPU
		{8E54A034-FCF8-4B55-A54F-836648A6B2EC}.Release|Any CPU.ActiveCfg = Release|Any CPU
		{8E54A034-FCF8-4B55-A54F-836648A6B2EC}.Release|Any CPU.Build.0 = Release|Any CPU
		{8E54A034-FCF8-4B55-A54F-836648A6B2EC}.Release|x64.ActiveCfg = Release|Any CPU
		{8E54A034-FCF8-4B55-A54F-836648A6B2EC}.Release|x64.Build.0 = Release|Any CPU
		{8E54A034-FCF8-4B55-A54F-836648A6B2EC}.Release|x86.ActiveCfg = Release|Any CPU
		{8E54A034-FCF8-4B55-A54F-836648A6B2EC}.Release|x86.Build.0 = Release|Any CPU
		{AFBBCE55-D936-450A-B7D9-0DE3A76D8FC3}.Debug|Any CPU.ActiveCfg = Debug|Any CPU
		{AFBBCE55-D936-450A-B7D9-0DE3A76D8FC3}.Debug|Any CPU.Build.0 = Debug|Any CPU
		{AFBBCE55-D936-450A-B7D9-0DE3A76D8FC3}.Debug|x64.ActiveCfg = Debug|Any CPU
		{AFBBCE55-D936-450A-B7D9-0DE3A76D8FC3}.Debug|x64.Build.0 = Debug|Any CPU
		{AFBBCE55-D936-450A-B7D9-0DE3A76D8FC3}.Debug|x86.ActiveCfg = Debug|Any CPU
		{AFBBCE55-D936-450A-B7D9-0DE3A76D8FC3}.Debug|x86.Build.0 = Debug|Any CPU
		{AFBBCE55-D936-450A-B7D9-0DE3A76D8FC3}.Release|Any CPU.ActiveCfg = Release|Any CPU
		{AFBBCE55-D936-450A-B7D9-0DE3A76D8FC3}.Release|Any CPU.Build.0 = Release|Any CPU
		{AFBBCE55-D936-450A-B7D9-0DE3A76D8FC3}.Release|x64.ActiveCfg = Release|Any CPU
		{AFBBCE55-D936-450A-B7D9-0DE3A76D8FC3}.Release|x64.Build.0 = Release|Any CPU
		{AFBBCE55-D936-450A-B7D9-0DE3A76D8FC3}.Release|x86.ActiveCfg = Release|Any CPU
		{AFBBCE55-D936-450A-B7D9-0DE3A76D8FC3}.Release|x86.Build.0 = Release|Any CPU
		{8630AB43-DD7C-489C-95FE-EFE81B6CDC95}.Debug|Any CPU.ActiveCfg = Debug|Any CPU
		{8630AB43-DD7C-489C-95FE-EFE81B6CDC95}.Debug|Any CPU.Build.0 = Debug|Any CPU
		{8630AB43-DD7C-489C-95FE-EFE81B6CDC95}.Debug|x64.ActiveCfg = Debug|Any CPU
		{8630AB43-DD7C-489C-95FE-EFE81B6CDC95}.Debug|x64.Build.0 = Debug|Any CPU
		{8630AB43-DD7C-489C-95FE-EFE81B6CDC95}.Debug|x86.ActiveCfg = Debug|Any CPU
		{8630AB43-DD7C-489C-95FE-EFE81B6CDC95}.Debug|x86.Build.0 = Debug|Any CPU
		{8630AB43-DD7C-489C-95FE-EFE81B6CDC95}.Release|Any CPU.ActiveCfg = Release|Any CPU
		{8630AB43-DD7C-489C-95FE-EFE81B6CDC95}.Release|Any CPU.Build.0 = Release|Any CPU
		{8630AB43-DD7C-489C-95FE-EFE81B6CDC95}.Release|x64.ActiveCfg = Release|Any CPU
		{8630AB43-DD7C-489C-95FE-EFE81B6CDC95}.Release|x64.Build.0 = Release|Any CPU
		{8630AB43-DD7C-489C-95FE-EFE81B6CDC95}.Release|x86.ActiveCfg = Release|Any CPU
		{8630AB43-DD7C-489C-95FE-EFE81B6CDC95}.Release|x86.Build.0 = Release|Any CPU
		{FB736DEF-8CB7-4AA5-83C7-A528B2B17AC9}.Debug|Any CPU.ActiveCfg = Debug|Any CPU
		{FB736DEF-8CB7-4AA5-83C7-A528B2B17AC9}.Debug|Any CPU.Build.0 = Debug|Any CPU
		{FB736DEF-8CB7-4AA5-83C7-A528B2B17AC9}.Debug|x64.ActiveCfg = Debug|Any CPU
		{FB736DEF-8CB7-4AA5-83C7-A528B2B17AC9}.Debug|x64.Build.0 = Debug|Any CPU
		{FB736DEF-8CB7-4AA5-83C7-A528B2B17AC9}.Debug|x86.ActiveCfg = Debug|Any CPU
		{FB736DEF-8CB7-4AA5-83C7-A528B2B17AC9}.Debug|x86.Build.0 = Debug|Any CPU
		{FB736DEF-8CB7-4AA5-83C7-A528B2B17AC9}.Release|Any CPU.ActiveCfg = Release|Any CPU
		{FB736DEF-8CB7-4AA5-83C7-A528B2B17AC9}.Release|Any CPU.Build.0 = Release|Any CPU
		{FB736DEF-8CB7-4AA5-83C7-A528B2B17AC9}.Release|x64.ActiveCfg = Release|Any CPU
		{FB736DEF-8CB7-4AA5-83C7-A528B2B17AC9}.Release|x64.Build.0 = Release|Any CPU
		{FB736DEF-8CB7-4AA5-83C7-A528B2B17AC9}.Release|x86.ActiveCfg = Release|Any CPU
		{FB736DEF-8CB7-4AA5-83C7-A528B2B17AC9}.Release|x86.Build.0 = Release|Any CPU
		{74716706-7850-4BD3-A7F6-137548688929}.Debug|Any CPU.ActiveCfg = Debug|Any CPU
		{74716706-7850-4BD3-A7F6-137548688929}.Debug|Any CPU.Build.0 = Debug|Any CPU
		{74716706-7850-4BD3-A7F6-137548688929}.Debug|x64.ActiveCfg = Debug|Any CPU
		{74716706-7850-4BD3-A7F6-137548688929}.Debug|x64.Build.0 = Debug|Any CPU
		{74716706-7850-4BD3-A7F6-137548688929}.Debug|x86.ActiveCfg = Debug|Any CPU
		{74716706-7850-4BD3-A7F6-137548688929}.Debug|x86.Build.0 = Debug|Any CPU
		{74716706-7850-4BD3-A7F6-137548688929}.Release|Any CPU.ActiveCfg = Release|Any CPU
		{74716706-7850-4BD3-A7F6-137548688929}.Release|Any CPU.Build.0 = Release|Any CPU
		{74716706-7850-4BD3-A7F6-137548688929}.Release|x64.ActiveCfg = Release|Any CPU
		{74716706-7850-4BD3-A7F6-137548688929}.Release|x64.Build.0 = Release|Any CPU
		{74716706-7850-4BD3-A7F6-137548688929}.Release|x86.ActiveCfg = Release|Any CPU
		{74716706-7850-4BD3-A7F6-137548688929}.Release|x86.Build.0 = Release|Any CPU
		{D9286FCD-AB6D-46B0-917F-8E7D750EC385}.Debug|Any CPU.ActiveCfg = Debug|Any CPU
		{D9286FCD-AB6D-46B0-917F-8E7D750EC385}.Debug|Any CPU.Build.0 = Debug|Any CPU
		{D9286FCD-AB6D-46B0-917F-8E7D750EC385}.Debug|x64.ActiveCfg = Debug|Any CPU
		{D9286FCD-AB6D-46B0-917F-8E7D750EC385}.Debug|x64.Build.0 = Debug|Any CPU
		{D9286FCD-AB6D-46B0-917F-8E7D750EC385}.Debug|x86.ActiveCfg = Debug|Any CPU
		{D9286FCD-AB6D-46B0-917F-8E7D750EC385}.Debug|x86.Build.0 = Debug|Any CPU
		{D9286FCD-AB6D-46B0-917F-8E7D750EC385}.Release|Any CPU.ActiveCfg = Release|Any CPU
		{D9286FCD-AB6D-46B0-917F-8E7D750EC385}.Release|Any CPU.Build.0 = Release|Any CPU
		{D9286FCD-AB6D-46B0-917F-8E7D750EC385}.Release|x64.ActiveCfg = Release|Any CPU
		{D9286FCD-AB6D-46B0-917F-8E7D750EC385}.Release|x64.Build.0 = Release|Any CPU
		{D9286FCD-AB6D-46B0-917F-8E7D750EC385}.Release|x86.ActiveCfg = Release|Any CPU
		{D9286FCD-AB6D-46B0-917F-8E7D750EC385}.Release|x86.Build.0 = Release|Any CPU
		{0A239699-164D-4B1F-B7F2-D78E6339CB47}.Debug|Any CPU.ActiveCfg = Debug|Any CPU
		{0A239699-164D-4B1F-B7F2-D78E6339CB47}.Debug|Any CPU.Build.0 = Debug|Any CPU
		{0A239699-164D-4B1F-B7F2-D78E6339CB47}.Debug|x64.ActiveCfg = Debug|Any CPU
		{0A239699-164D-4B1F-B7F2-D78E6339CB47}.Debug|x64.Build.0 = Debug|Any CPU
		{0A239699-164D-4B1F-B7F2-D78E6339CB47}.Debug|x86.ActiveCfg = Debug|Any CPU
		{0A239699-164D-4B1F-B7F2-D78E6339CB47}.Debug|x86.Build.0 = Debug|Any CPU
		{0A239699-164D-4B1F-B7F2-D78E6339CB47}.Release|Any CPU.ActiveCfg = Release|Any CPU
		{0A239699-164D-4B1F-B7F2-D78E6339CB47}.Release|Any CPU.Build.0 = Release|Any CPU
		{0A239699-164D-4B1F-B7F2-D78E6339CB47}.Release|x64.ActiveCfg = Release|Any CPU
		{0A239699-164D-4B1F-B7F2-D78E6339CB47}.Release|x64.Build.0 = Release|Any CPU
		{0A239699-164D-4B1F-B7F2-D78E6339CB47}.Release|x86.ActiveCfg = Release|Any CPU
		{0A239699-164D-4B1F-B7F2-D78E6339CB47}.Release|x86.Build.0 = Release|Any CPU
		{FA5CD80E-5996-4F24-8895-5EA418E36758}.Debug|Any CPU.ActiveCfg = Debug|Any CPU
		{FA5CD80E-5996-4F24-8895-5EA418E36758}.Debug|Any CPU.Build.0 = Debug|Any CPU
		{FA5CD80E-5996-4F24-8895-5EA418E36758}.Debug|x64.ActiveCfg = Debug|Any CPU
		{FA5CD80E-5996-4F24-8895-5EA418E36758}.Debug|x64.Build.0 = Debug|Any CPU
		{FA5CD80E-5996-4F24-8895-5EA418E36758}.Debug|x86.ActiveCfg = Debug|Any CPU
		{FA5CD80E-5996-4F24-8895-5EA418E36758}.Debug|x86.Build.0 = Debug|Any CPU
		{FA5CD80E-5996-4F24-8895-5EA418E36758}.Release|Any CPU.ActiveCfg = Release|Any CPU
		{FA5CD80E-5996-4F24-8895-5EA418E36758}.Release|Any CPU.Build.0 = Release|Any CPU
		{FA5CD80E-5996-4F24-8895-5EA418E36758}.Release|x64.ActiveCfg = Release|Any CPU
		{FA5CD80E-5996-4F24-8895-5EA418E36758}.Release|x64.Build.0 = Release|Any CPU
		{FA5CD80E-5996-4F24-8895-5EA418E36758}.Release|x86.ActiveCfg = Release|Any CPU
		{FA5CD80E-5996-4F24-8895-5EA418E36758}.Release|x86.Build.0 = Release|Any CPU
		{37F064A4-5F6A-4E50-9226-C679AFC5464F}.Debug|Any CPU.ActiveCfg = Debug|Any CPU
		{37F064A4-5F6A-4E50-9226-C679AFC5464F}.Debug|Any CPU.Build.0 = Debug|Any CPU
		{37F064A4-5F6A-4E50-9226-C679AFC5464F}.Debug|x64.ActiveCfg = Debug|Any CPU
		{37F064A4-5F6A-4E50-9226-C679AFC5464F}.Debug|x64.Build.0 = Debug|Any CPU
		{37F064A4-5F6A-4E50-9226-C679AFC5464F}.Debug|x86.ActiveCfg = Debug|Any CPU
		{37F064A4-5F6A-4E50-9226-C679AFC5464F}.Debug|x86.Build.0 = Debug|Any CPU
		{37F064A4-5F6A-4E50-9226-C679AFC5464F}.Release|Any CPU.ActiveCfg = Release|Any CPU
		{37F064A4-5F6A-4E50-9226-C679AFC5464F}.Release|Any CPU.Build.0 = Release|Any CPU
		{37F064A4-5F6A-4E50-9226-C679AFC5464F}.Release|x64.ActiveCfg = Release|Any CPU
		{37F064A4-5F6A-4E50-9226-C679AFC5464F}.Release|x64.Build.0 = Release|Any CPU
		{37F064A4-5F6A-4E50-9226-C679AFC5464F}.Release|x86.ActiveCfg = Release|Any CPU
		{37F064A4-5F6A-4E50-9226-C679AFC5464F}.Release|x86.Build.0 = Release|Any CPU
		{72374030-51DF-491C-B99D-A1EE34AE1CF6}.Debug|Any CPU.ActiveCfg = Debug|Any CPU
		{72374030-51DF-491C-B99D-A1EE34AE1CF6}.Debug|Any CPU.Build.0 = Debug|Any CPU
		{72374030-51DF-491C-B99D-A1EE34AE1CF6}.Debug|x64.ActiveCfg = Debug|Any CPU
		{72374030-51DF-491C-B99D-A1EE34AE1CF6}.Debug|x64.Build.0 = Debug|Any CPU
		{72374030-51DF-491C-B99D-A1EE34AE1CF6}.Debug|x86.ActiveCfg = Debug|Any CPU
		{72374030-51DF-491C-B99D-A1EE34AE1CF6}.Debug|x86.Build.0 = Debug|Any CPU
		{72374030-51DF-491C-B99D-A1EE34AE1CF6}.Release|Any CPU.ActiveCfg = Release|Any CPU
		{72374030-51DF-491C-B99D-A1EE34AE1CF6}.Release|Any CPU.Build.0 = Release|Any CPU
		{72374030-51DF-491C-B99D-A1EE34AE1CF6}.Release|x64.ActiveCfg = Release|Any CPU
		{72374030-51DF-491C-B99D-A1EE34AE1CF6}.Release|x64.Build.0 = Release|Any CPU
		{72374030-51DF-491C-B99D-A1EE34AE1CF6}.Release|x86.ActiveCfg = Release|Any CPU
		{72374030-51DF-491C-B99D-A1EE34AE1CF6}.Release|x86.Build.0 = Release|Any CPU
		{C1A3BFBE-20B0-40A7-9270-0F8F0AE3B1E4}.Debug|Any CPU.ActiveCfg = Debug|Any CPU
		{C1A3BFBE-20B0-40A7-9270-0F8F0AE3B1E4}.Debug|Any CPU.Build.0 = Debug|Any CPU
		{C1A3BFBE-20B0-40A7-9270-0F8F0AE3B1E4}.Debug|x64.ActiveCfg = Debug|Any CPU
		{C1A3BFBE-20B0-40A7-9270-0F8F0AE3B1E4}.Debug|x64.Build.0 = Debug|Any CPU
		{C1A3BFBE-20B0-40A7-9270-0F8F0AE3B1E4}.Debug|x86.ActiveCfg = Debug|Any CPU
		{C1A3BFBE-20B0-40A7-9270-0F8F0AE3B1E4}.Debug|x86.Build.0 = Debug|Any CPU
		{C1A3BFBE-20B0-40A7-9270-0F8F0AE3B1E4}.Release|Any CPU.ActiveCfg = Release|Any CPU
		{C1A3BFBE-20B0-40A7-9270-0F8F0AE3B1E4}.Release|Any CPU.Build.0 = Release|Any CPU
		{C1A3BFBE-20B0-40A7-9270-0F8F0AE3B1E4}.Release|x64.ActiveCfg = Release|Any CPU
		{C1A3BFBE-20B0-40A7-9270-0F8F0AE3B1E4}.Release|x64.Build.0 = Release|Any CPU
		{C1A3BFBE-20B0-40A7-9270-0F8F0AE3B1E4}.Release|x86.ActiveCfg = Release|Any CPU
		{C1A3BFBE-20B0-40A7-9270-0F8F0AE3B1E4}.Release|x86.Build.0 = Release|Any CPU
		{573E5AA3-D4B9-47EC-84F6-E1E62C940E20}.Debug|Any CPU.ActiveCfg = Debug|Any CPU
		{573E5AA3-D4B9-47EC-84F6-E1E62C940E20}.Debug|Any CPU.Build.0 = Debug|Any CPU
		{573E5AA3-D4B9-47EC-84F6-E1E62C940E20}.Debug|x64.ActiveCfg = Debug|Any CPU
		{573E5AA3-D4B9-47EC-84F6-E1E62C940E20}.Debug|x64.Build.0 = Debug|Any CPU
		{573E5AA3-D4B9-47EC-84F6-E1E62C940E20}.Debug|x86.ActiveCfg = Debug|Any CPU
		{573E5AA3-D4B9-47EC-84F6-E1E62C940E20}.Debug|x86.Build.0 = Debug|Any CPU
		{573E5AA3-D4B9-47EC-84F6-E1E62C940E20}.Release|Any CPU.ActiveCfg = Release|Any CPU
		{573E5AA3-D4B9-47EC-84F6-E1E62C940E20}.Release|Any CPU.Build.0 = Release|Any CPU
		{573E5AA3-D4B9-47EC-84F6-E1E62C940E20}.Release|x64.ActiveCfg = Release|Any CPU
		{573E5AA3-D4B9-47EC-84F6-E1E62C940E20}.Release|x64.Build.0 = Release|Any CPU
		{573E5AA3-D4B9-47EC-84F6-E1E62C940E20}.Release|x86.ActiveCfg = Release|Any CPU
		{573E5AA3-D4B9-47EC-84F6-E1E62C940E20}.Release|x86.Build.0 = Release|Any CPU
		{42675979-D7DE-411A-ADCD-7C731277FCE8}.Debug|Any CPU.ActiveCfg = Debug|Any CPU
		{42675979-D7DE-411A-ADCD-7C731277FCE8}.Debug|Any CPU.Build.0 = Debug|Any CPU
		{42675979-D7DE-411A-ADCD-7C731277FCE8}.Debug|x64.ActiveCfg = Debug|Any CPU
		{42675979-D7DE-411A-ADCD-7C731277FCE8}.Debug|x64.Build.0 = Debug|Any CPU
		{42675979-D7DE-411A-ADCD-7C731277FCE8}.Debug|x86.ActiveCfg = Debug|Any CPU
		{42675979-D7DE-411A-ADCD-7C731277FCE8}.Debug|x86.Build.0 = Debug|Any CPU
		{42675979-D7DE-411A-ADCD-7C731277FCE8}.Release|Any CPU.ActiveCfg = Release|Any CPU
		{42675979-D7DE-411A-ADCD-7C731277FCE8}.Release|Any CPU.Build.0 = Release|Any CPU
		{42675979-D7DE-411A-ADCD-7C731277FCE8}.Release|x64.ActiveCfg = Release|Any CPU
		{42675979-D7DE-411A-ADCD-7C731277FCE8}.Release|x64.Build.0 = Release|Any CPU
		{42675979-D7DE-411A-ADCD-7C731277FCE8}.Release|x86.ActiveCfg = Release|Any CPU
		{42675979-D7DE-411A-ADCD-7C731277FCE8}.Release|x86.Build.0 = Release|Any CPU
		{9E2A7C72-573B-43C2-9C28-F45DF3C9C0D1}.Debug|Any CPU.ActiveCfg = Debug|Any CPU
		{9E2A7C72-573B-43C2-9C28-F45DF3C9C0D1}.Debug|Any CPU.Build.0 = Debug|Any CPU
		{9E2A7C72-573B-43C2-9C28-F45DF3C9C0D1}.Debug|x64.ActiveCfg = Debug|Any CPU
		{9E2A7C72-573B-43C2-9C28-F45DF3C9C0D1}.Debug|x64.Build.0 = Debug|Any CPU
		{9E2A7C72-573B-43C2-9C28-F45DF3C9C0D1}.Debug|x86.ActiveCfg = Debug|Any CPU
		{9E2A7C72-573B-43C2-9C28-F45DF3C9C0D1}.Debug|x86.Build.0 = Debug|Any CPU
		{9E2A7C72-573B-43C2-9C28-F45DF3C9C0D1}.Release|Any CPU.ActiveCfg = Release|Any CPU
		{9E2A7C72-573B-43C2-9C28-F45DF3C9C0D1}.Release|Any CPU.Build.0 = Release|Any CPU
		{9E2A7C72-573B-43C2-9C28-F45DF3C9C0D1}.Release|x64.ActiveCfg = Release|Any CPU
		{9E2A7C72-573B-43C2-9C28-F45DF3C9C0D1}.Release|x64.Build.0 = Release|Any CPU
		{9E2A7C72-573B-43C2-9C28-F45DF3C9C0D1}.Release|x86.ActiveCfg = Release|Any CPU
		{9E2A7C72-573B-43C2-9C28-F45DF3C9C0D1}.Release|x86.Build.0 = Release|Any CPU
	EndGlobalSection
	GlobalSection(SolutionProperties) = preSolution
		HideSolutionNode = FALSE
	EndGlobalSection
	GlobalSection(NestedProjects) = preSolution
		{CA6E9FFC-4843-43E7-981F-A5F08A05FF7D} = {98F93518-7198-4932-BA16-AC88B4CFBA03}
		{740EC813-82B1-49E4-8E30-EE6E37607E97} = {98F93518-7198-4932-BA16-AC88B4CFBA03}
		{BF65F267-1849-4CE1-878B-6EBE29F444D5} = {98F93518-7198-4932-BA16-AC88B4CFBA03}
		{078C4FC3-DB20-4AF3-B7FB-CAFB8CBDE8C0} = {98F93518-7198-4932-BA16-AC88B4CFBA03}
		{21509A00-E2EB-4DB5-B005-E30C977E12BC} = {98F93518-7198-4932-BA16-AC88B4CFBA03}
		{8E54A034-FCF8-4B55-A54F-836648A6B2EC} = {98F93518-7198-4932-BA16-AC88B4CFBA03}
		{AFBBCE55-D936-450A-B7D9-0DE3A76D8FC3} = {98F93518-7198-4932-BA16-AC88B4CFBA03}
		{74716706-7850-4BD3-A7F6-137548688929} = {98F93518-7198-4932-BA16-AC88B4CFBA03}
		{9E2A7C72-573B-43C2-9C28-F45DF3C9C0D1} = {98F93518-7198-4932-BA16-AC88B4CFBA03}
		{FA5CD80E-5996-4F24-8895-5EA418E36758} = {D806F13A-C55C-4856-9F69-EC5057150592}
		{573E5AA3-D4B9-47EC-84F6-E1E62C940E20} = {D806F13A-C55C-4856-9F69-EC5057150592}
	EndGlobalSection
	GlobalSection(ExtensibilityGlobals) = postSolution
		SolutionGuid = {3BADC26A-6D6D-4365-8979-B3DFC7FCD96D}
	EndGlobalSection
EndGlobal


